{
  "name": "hw_seminar_2",
  "version": "1.0.0",
  "lockfileVersion": 3,
  "requires": true,
  "packages": {
    "": {
      "name": "hw_seminar_2",
      "version": "1.0.0",
      "license": "ISC",
      "dependencies": {
        "fill-random-array": "^1.0.0"
      }
    },
    "node_modules/fill-random-array": {
      "version": "1.0.0",
      "resolved": "https://registry.npmjs.org/fill-random-array/-/fill-random-array-1.0.0.tgz",
      "integrity": "sha512-2qwsXVhcVeZ0O3PDGOMV09VzMAw8P1dAYPrWJRcmzQlnQw1BMRqTIv1+oyDAIEoFdM+5x1AXsKJnOpR04rf3cw=="
    }
  }
}
